Microsoft Visual Studio Solution File, Format Version 12.00
# Visual Studio Version 16
VisualStudioVersion = 16.0.29806.167
MinimumVisualStudioVersion = 10.0.40219.1
Project("{9A19103F-16F7-4668-BE54-9A1E7A4F7556}") = "Connector", "Connector\Connector.csproj", "{BC7C18D4-0A0A-4F12-8D56-CBC42FF26649}"
EndProject
Project("{9A19103F-16F7-4668-BE54-9A1E7A4F7556}") = "ByosAudioUploaded", "ByosAudioUploaded\ByosAudioUploaded.csproj", "{77B3C723-7805-4BB9-A2D7-2B7D44B6A788}"
EndProject
Project("{9A19103F-16F7-4668-BE54-9A1E7A4F7556}") = "ByosResultUploaded", "ByosResultUploaded\ByosResultUploaded.csproj", "{AA979422-CC22-4154-A828-DD3EA7E70379}"
EndProject
Global
	GlobalSection(SolutionConfigurationPlatforms) = preSolution
		Debug|Any CPU = Debug|Any CPU
		Release|Any CPU = Release|Any CPU
	EndGlobalSection
	GlobalSection(ProjectConfigurationPlatforms) = postSolution
		{BC7C18D4-0A0A-4F12-8D56-CBC42FF26649}.Debug|Any CPU.ActiveCfg = Debug|Any CPU
		{BC7C18D4-0A0A-4F12-8D56-CBC42FF26649}.Debug|Any CPU.Build.0 = Debug|Any CPU
		{BC7C18D4-0A0A-4F12-8D56-CBC42FF26649}.Release|Any CPU.ActiveCfg = Release|Any CPU
		{BC7C18D4-0A0A-4F12-8D56-CBC42FF26649}.Release|Any CPU.Build.0 = Release|Any CPU
		{77B3C723-7805-4BB9-A2D7-2B7D44B6A788}.Debug|Any CPU.ActiveCfg = Debug|Any CPU
		{77B3C723-7805-4BB9-A2D7-2B7D44B6A788}.Debug|Any CPU.Build.0 = Debug|Any CPU
		{77B3C723-7805-4BB9-A2D7-2B7D44B6A788}.Release|Any CPU.ActiveCfg = Release|Any CPU
		{77B3C723-7805-4BB9-A2D7-2B7D44B6A788}.Release|Any CPU.Build.0 = Release|Any CPU
		{AA979422-CC22-4154-A828-DD3EA7E70379}.Debug|Any CPU.ActiveCfg = Debug|Any CPU
		{AA979422-CC22-4154-A828-DD3EA7E70379}.Debug|Any CPU.Build.0 = Debug|Any CPU
		{AA979422-CC22-4154-A828-DD3EA7E70379}.Release|Any CPU.ActiveCfg = Release|Any CPU
		{AA979422-CC22-4154-A828-DD3EA7E70379}.Release|Any CPU.Build.0 = Release|Any CPU
	EndGlobalSection
	GlobalSection(SolutionProperties) = preSolution
		HideSolutionNode = FALSE
	EndGlobalSection
	GlobalSection(ExtensibilityGlobals) = postSolution
		SolutionGuid = {6C2EB171-B434-4967-8E27-F5B4A53748DA}
	EndGlobalSection
EndGlobal
